
Microsoft Visual Studio Solution File, Format Version 12.00
# Visual Studio Version 17
VisualStudioVersion = 17.13.35931.197
MinimumVisualStudioVersion = 10.0.40219.1
Project("{FAE04EC0-301F-11D3-BF4B-00C04F79EFBC}") = "ServiceA", "ServiceA\ServiceA.csproj", "{F7A8C9B1-8585-53E0-F7C8-85E7D1922045}"
EndProject
Project("{FAE04EC0-301F-11D3-BF4B-00C04F79EFBC}") = "ServiceB", "ServiceB\ServiceB.csproj", "{B2183325-2514-428C-DBB0-24CB9C19A40E}"
EndProject
Project("{FAE04EC0-301F-11D3-BF4B-00C04F79EFBC}") = "MonitoringService", "MonitoringService\MonitoringService.csproj", "{77B615C4-8FB8-8776-B6AB-05E77E757320}"
EndProject
Global
	GlobalSection(SolutionConfigurationPlatforms) = preSolution
		Debug|Any CPU = Debug|Any CPU
		Release|Any CPU = Release|Any CPU
	EndGlobalSection
	GlobalSection(ProjectConfigurationPlatforms) = postSolution
		{F7A8C9B1-8585-53E0-F7C8-85E7D1922045}.Debug|Any CPU.ActiveCfg = Debug|Any CPU
		{F7A8C9B1-8585-53E0-F7C8-85E7D1922045}.Debug|Any CPU.Build.0 = Debug|Any CPU
		{F7A8C9B1-8585-53E0-F7C8-85E7D1922045}.Release|Any CPU.ActiveCfg = Release|Any CPU
		{F7A8C9B1-8585-53E0-F7C8-85E7D1922045}.Release|Any CPU.Build.0 = Release|Any CPU
		{B2183325-2514-428C-DBB0-24CB9C19A40E}.Debug|Any CPU.ActiveCfg = Debug|Any CPU
		{B2183325-2514-428C-DBB0-24CB9C19A40E}.Debug|Any CPU.Build.0 = Debug|Any CPU
		{B2183325-2514-428C-DBB0-24CB9C19A40E}.Release|Any CPU.ActiveCfg = Release|Any CPU
		{B2183325-2514-428C-DBB0-24CB9C19A40E}.Release|Any CPU.Build.0 = Release|Any CPU
		{77B615C4-8FB8-8776-B6AB-05E77E757320}.Debug|Any CPU.ActiveCfg = Debug|Any CPU
		{77B615C4-8FB8-8776-B6AB-05E77E757320}.Debug|Any CPU.Build.0 = Debug|Any CPU
		{77B615C4-8FB8-8776-B6AB-05E77E757320}.Release|Any CPU.ActiveCfg = Release|Any CPU
		{77B615C4-8FB8-8776-B6AB-05E77E757320}.Release|Any CPU.Build.0 = Release|Any CPU
	EndGlobalSection
	GlobalSection(SolutionProperties) = preSolution
		HideSolutionNode = FALSE
	EndGlobalSection
	GlobalSection(ExtensibilityGlobals) = postSolution
		SolutionGuid = {5E67E1DF-9BED-410F-A115-A265A15EE265}
	EndGlobalSection
EndGlobal
